
Microsoft Visual Studio Solution File, Format Version 12.00
# Visual Studio Version 16
VisualStudioVersion = 25.0.1706.2
MinimumVisualStudioVersion = 10.0.40219.1
Project("{FAE04EC0-301F-11D3-BF4B-00C04F79EFBC}") = "Snake", "Snake\Snake.csproj", "{5D261E8A-B634-434F-948C-B9BFF1912A32}"
EndProject
Global
	GlobalSection(SolutionConfigurationPlatforms) = preSolution
		Debug|Any CPU = Debug|Any CPU
		Release|Any CPU = Release|Any CPU
	EndGlobalSection
	GlobalSection(ProjectConfigurationPlatforms) = postSolution
		{5D261E8A-B634-434F-948C-B9BFF1912A32}.Debug|Any CPU.ActiveCfg = Debug|Any CPU
		{5D261E8A-B634-434F-948C-B9BFF1912A32}.Debug|Any CPU.Build.0 = Debug|Any CPU
		{5D261E8A-B634-434F-948C-B9BFF1912A32}.Release|Any CPU.ActiveCfg = Release|Any CPU
		{5D261E8A-B634-434F-948C-B9BFF1912A32}.Release|Any CPU.Build.0 = Release|Any CPU
	EndGlobalSection
	GlobalSection(SolutionProperties) = preSolution
		HideSolutionNode = FALSE
	EndGlobalSection
	GlobalSection(ExtensibilityGlobals) = postSolution
		SolutionGuid = {4476E21C-9914-4A7E-881E-E9C626DE83FE}
	EndGlobalSection
EndGlobal
